{
  "name": "example",
  "version": "1.0.0",
  "lockfileVersion": 1,
  "requires": true,
  "dependencies": {
    "auto-validate": {
      "version": "file:../auto-validate-1.0.0.tgz",
      "integrity": "sha512-U+xTSl8lzaw9Wk+wWbLjukxvfZi0jgDtnsqqh39TvvHOD99WiJ8pcSCL54+0hux8Dh6rcZmzqrtHqH5nJdGtVw==",
      "requires": {
        "reflect-metadata": "^0.1.13"
      }
    },
    "reflect-metadata": {
      "version": "0.1.13",
      "resolved": "https://registry.npmjs.org/reflect-metadata/-/reflect-metadata-0.1.13.tgz",
      "integrity": "sha512-Ts1Y/anZELhSsjMcU605fU9RE4Oi3p5ORujwbIKXfWa+0Zxs510Qrmrce5/Jowq3cHSZSJqBjypxmHarc+vEWg=="
    }
  }
}
